
Microsoft Visual Studio Solution File, Format Version 12.00
# Visual Studio 15
VisualStudioVersion = 15.0.28010.2003
MinimumVisualStudioVersion = 10.0.40219.1
Project("{FAE04EC0-301F-11D3-BF4B-00C04F79EFBC}") = "Practica_9", "Practica_9\Practica_9.csproj", "{A1C9FE39-B276-4124-95DE-D777368AAC3D}"
EndProject
Global
	GlobalSection(SolutionConfigurationPlatforms) = preSolution
		Debug|Any CPU = Debug|Any CPU
		Release|Any CPU = Release|Any CPU
	EndGlobalSection
	GlobalSection(ProjectConfigurationPlatforms) = postSolution
		{A1C9FE39-B276-4124-95DE-D777368AAC3D}.Debug|Any CPU.ActiveCfg = Debug|Any CPU
		{A1C9FE39-B276-4124-95DE-D777368AAC3D}.Debug|Any CPU.Build.0 = Debug|Any CPU
		{A1C9FE39-B276-4124-95DE-D777368AAC3D}.Release|Any CPU.ActiveCfg = Release|Any CPU
		{A1C9FE39-B276-4124-95DE-D777368AAC3D}.Release|Any CPU.Build.0 = Release|Any CPU
	EndGlobalSection
	GlobalSection(SolutionProperties) = preSolution
		HideSolutionNode = FALSE
	EndGlobalSection
	GlobalSection(ExtensibilityGlobals) = postSolution
		SolutionGuid = {A75A9C8D-DACF-4EFD-B716-B364B6133CDC}
	EndGlobalSection
EndGlobal
